
Microsoft Visual Studio Solution File, Format Version 12.00
# Visual Studio 15
VisualStudioVersion = 15.0.28307.271
MinimumVisualStudioVersion = 10.0.40219.1
Project("{FAE04EC0-301F-11D3-BF4B-00C04F79EFBC}") = "NServiceBus.StructureMap", "NServiceBus.StructureMap\NServiceBus.StructureMap.csproj", "{C05E5B87-EB74-4A3F-B4FC-AFDD28570850}"
EndProject
Project("{FAE04EC0-301F-11D3-BF4B-00C04F79EFBC}") = "NServiceBus.StructureMap.AcceptanceTests", "NServiceBus.StructureMap.AcceptanceTests\NServiceBus.StructureMap.AcceptanceTests.csproj", "{FB342C36-9924-4E24-A484-CEE0C770BDBF}"
EndProject
Project("{FAE04EC0-301F-11D3-BF4B-00C04F79EFBC}") = "NServiceBus.StructureMap.Tests", "NServiceBus.StructureMap.Tests\NServiceBus.StructureMap.Tests.csproj", "{3D880FCA-D2DA-4AB9-8017-BA8B7C86D359}"
EndProject
Global
	GlobalSection(SolutionConfigurationPlatforms) = preSolution
		Debug|Any CPU = Debug|Any CPU
		Release|Any CPU = Release|Any CPU
	EndGlobalSection
	GlobalSection(ProjectConfigurationPlatforms) = postSolution
		{C05E5B87-EB74-4A3F-B4FC-AFDD28570850}.Debug|Any CPU.ActiveCfg = Debug|Any CPU
		{C05E5B87-EB74-4A3F-B4FC-AFDD28570850}.Debug|Any CPU.Build.0 = Debug|Any CPU
		{C05E5B87-EB74-4A3F-B4FC-AFDD28570850}.Release|Any CPU.ActiveCfg = Release|Any CPU
		{C05E5B87-EB74-4A3F-B4FC-AFDD28570850}.Release|Any CPU.Build.0 = Release|Any CPU
		{FB342C36-9924-4E24-A484-CEE0C770BDBF}.Debug|Any CPU.ActiveCfg = Debug|Any CPU
		{FB342C36-9924-4E24-A484-CEE0C770BDBF}.Debug|Any CPU.Build.0 = Debug|Any CPU
		{FB342C36-9924-4E24-A484-CEE0C770BDBF}.Release|Any CPU.ActiveCfg = Release|Any CPU
		{FB342C36-9924-4E24-A484-CEE0C770BDBF}.Release|Any CPU.Build.0 = Release|Any CPU
		{3D880FCA-D2DA-4AB9-8017-BA8B7C86D359}.Debug|Any CPU.ActiveCfg = Debug|Any CPU
		{3D880FCA-D2DA-4AB9-8017-BA8B7C86D359}.Debug|Any CPU.Build.0 = Debug|Any CPU
		{3D880FCA-D2DA-4AB9-8017-BA8B7C86D359}.Release|Any CPU.ActiveCfg = Release|Any CPU
		{3D880FCA-D2DA-4AB9-8017-BA8B7C86D359}.Release|Any CPU.Build.0 = Release|Any CPU
	EndGlobalSection
	GlobalSection(SolutionProperties) = preSolution
		HideSolutionNode = FALSE
	EndGlobalSection
	GlobalSection(ExtensibilityGlobals) = postSolution
		SolutionGuid = {89176E56-E793-4272-9F2B-B3E7B979B2D4}
	EndGlobalSection
EndGlobal
